
Microsoft Visual Studio Solution File, Format Version 12.00
# Visual Studio Version 17
VisualStudioVersion = 17.8.34525.116
MinimumVisualStudioVersion = 10.0.40219.1
Project("{FAE04EC0-301F-11D3-BF4B-00C04F79EFBC}") = "MauiaAppJogoVelha", "MauiaAppJogoVelha\MauiaAppJogoVelha.csproj", "{8760F64A-F014-41FA-9D24-FC22D931ABE3}"
EndProject
Global
	GlobalSection(SolutionConfigurationPlatforms) = preSolution
		Debug|Any CPU = Debug|Any CPU
		Release|Any CPU = Release|Any CPU
	EndGlobalSection
	GlobalSection(ProjectConfigurationPlatforms) = postSolution
		{8760F64A-F014-41FA-9D24-FC22D931ABE3}.Debug|Any CPU.ActiveCfg = Debug|Any CPU
		{8760F64A-F014-41FA-9D24-FC22D931ABE3}.Debug|Any CPU.Build.0 = Debug|Any CPU
		{8760F64A-F014-41FA-9D24-FC22D931ABE3}.Debug|Any CPU.Deploy.0 = Debug|Any CPU
		{8760F64A-F014-41FA-9D24-FC22D931ABE3}.Release|Any CPU.ActiveCfg = Release|Any CPU
		{8760F64A-F014-41FA-9D24-FC22D931ABE3}.Release|Any CPU.Build.0 = Release|Any CPU
		{8760F64A-F014-41FA-9D24-FC22D931ABE3}.Release|Any CPU.Deploy.0 = Release|Any CPU
	EndGlobalSection
	GlobalSection(SolutionProperties) = preSolution
		HideSolutionNode = FALSE
	EndGlobalSection
	GlobalSection(ExtensibilityGlobals) = postSolution
		SolutionGuid = {53AFFCBD-6084-4ED2-87C5-FCF74BF41853}
	EndGlobalSection
EndGlobal
